
Microsoft Visual Studio Solution File, Format Version 12.00
# Visual Studio 15
VisualStudioVersion = 15.0.28307.489
MinimumVisualStudioVersion = 10.0.40219.1
Project("{FAE04EC0-301F-11D3-BF4B-00C04F79EFBC}") = "PhotoManager_v2", "PhotoManager_v2\PhotoManager_v2.csproj", "{710039EA-431A-4183-AC58-E4D0B6C8617B}"
EndProject
Project("{FAE04EC0-301F-11D3-BF4B-00C04F79EFBC}") = "Test", "Test\Test.csproj", "{FF07E18E-9EB0-4CEB-A142-1575B6C42260}"
EndProject
Project("{FAE04EC0-301F-11D3-BF4B-00C04F79EFBC}") = "WpfTreeView", "WpfTreeView\WpfTreeView.csproj", "{CAFD5471-EAEB-4138-A5E2-CF1120642732}"
EndProject
Global
	GlobalSection(SolutionConfigurationPlatforms) = preSolution
		Debug|Any CPU = Debug|Any CPU
		Release|Any CPU = Release|Any CPU
	EndGlobalSection
	GlobalSection(ProjectConfigurationPlatforms) = postSolution
		{710039EA-431A-4183-AC58-E4D0B6C8617B}.Debug|Any CPU.ActiveCfg = Debug|Any CPU
		{710039EA-431A-4183-AC58-E4D0B6C8617B}.Debug|Any CPU.Build.0 = Debug|Any CPU
		{710039EA-431A-4183-AC58-E4D0B6C8617B}.Release|Any CPU.ActiveCfg = Release|Any CPU
		{710039EA-431A-4183-AC58-E4D0B6C8617B}.Release|Any CPU.Build.0 = Release|Any CPU
		{FF07E18E-9EB0-4CEB-A142-1575B6C42260}.Debug|Any CPU.ActiveCfg = Debug|Any CPU
		{FF07E18E-9EB0-4CEB-A142-1575B6C42260}.Debug|Any CPU.Build.0 = Debug|Any CPU
		{FF07E18E-9EB0-4CEB-A142-1575B6C42260}.Release|Any CPU.ActiveCfg = Release|Any CPU
		{FF07E18E-9EB0-4CEB-A142-1575B6C42260}.Release|Any CPU.Build.0 = Release|Any CPU
		{CAFD5471-EAEB-4138-A5E2-CF1120642732}.Debug|Any CPU.ActiveCfg = Debug|Any CPU
		{CAFD5471-EAEB-4138-A5E2-CF1120642732}.Debug|Any CPU.Build.0 = Debug|Any CPU
		{CAFD5471-EAEB-4138-A5E2-CF1120642732}.Release|Any CPU.ActiveCfg = Release|Any CPU
		{CAFD5471-EAEB-4138-A5E2-CF1120642732}.Release|Any CPU.Build.0 = Release|Any CPU
	EndGlobalSection
	GlobalSection(SolutionProperties) = preSolution
		HideSolutionNode = FALSE
	EndGlobalSection
	GlobalSection(ExtensibilityGlobals) = postSolution
		SolutionGuid = {7DC87285-C4C3-424B-BB20-5078E8024751}
	EndGlobalSection
EndGlobal
